// !$*UTF8*$!
{
	archiveVersion = 1;
	classes = {
	};
	objectVersion = 56;
	objects = {

/* Begin PBXBuildFile section */
		408A8F0A2D5F000000000030 /* PawsitiveApp.swift in Sources */ = {isa = PBXBuildFile; fileRef = 408A8F0A2D5F000000000020 /* PawsitiveApp.swift */; };
		408A8F0A2D5F000000000031 /* ContentView.swift in Sources */ = {isa = PBXBuildFile; fileRef = 408A8F0A2D5F000000000021 /* ContentView.swift */; };
		408A8F0A2D5F000000000032 /* PawsitiveTheme.swift in Sources */ = {isa = PBXBuildFile; fileRef = 408A8F0A2D5F000000000022 /* PawsitiveTheme.swift */; };
		408A8F0A2D5F000000000033 /* Animal.swift in Sources */ = {isa = PBXBuildFile; fileRef = 408A8F0A2D5F000000000023 /* Animal.swift */; };
		408A8F0A2D5F000000000034 /* VolunteerEvent.swift in Sources */ = {isa = PBXBuildFile; fileRef = 408A8F0A2D5F000000000024 /* VolunteerEvent.swift */; };
		408A8F0A2D5F000000000035 /* HomeView.swift in Sources */ = {isa = PBXBuildFile; fileRef = 408A8F0A2D5F000000000025 /* HomeView.swift */; };
		408A8F0A2D5F000000000036 /* AdoptView.swift in Sources */ = {isa = PBXBuildFile; fileRef = 408A8F0A2D5F000000000026 /* AdoptView.swift */; };
		408A8F0A2D5F000000000037 /* FosterView.swift in Sources */ = {isa = PBXBuildFile; fileRef = 408A8F0A2D5F000000000027 /* FosterView.swift */; };
		408A8F0A2D5F000000000038 /* VolunteerView.swift in Sources */ = {isa = PBXBuildFile; fileRef = 408A8F0A2D5F000000000028 /* VolunteerView.swift */; };
		408A8F0A2D5F000000000039 /* DonateView.swift in Sources */ = {isa = PBXBuildFile; fileRef = 408A8F0A2D5F000000000029 /* DonateView.swift */; };
		408A8F0A2D5F00000000003A /* AnimalDetailView.swift in Sources */ = {isa = PBXBuildFile; fileRef = 408A8F0A2D5F00000000002A /* AnimalDetailView.swift */; };
		408A8F0A2D5F00000000003B /* AnimalCard.swift in Sources */ = {isa = PBXBuildFile; fileRef = 408A8F0A2D5F00000000002B /* AnimalCard.swift */; };
		408A8F0A2D5F00000000003C /* SectionHeader.swift in Sources */ = {isa = PBXBuildFile; fileRef = 408A8F0A2D5F00000000002C /* SectionHeader.swift */; };
		408A8F0A2D5F00000000003D /* Assets.xcassets in Resources */ = {isa = PBXBuildFile; fileRef = 408A8F0A2D5F00000000002D /* Assets.xcassets */; };
/* End PBXBuildFile section */

/* Begin PBXFileReference section */
		408A8F0A2D5F000000000006 /* Pawsitive.app */ = {isa = PBXFileReference; explicitFileType = wrapper.application; includeInIndex = 0; path = Pawsitive.app; sourceTree = BUILT_PRODUCTS_DIR; };
		408A8F0A2D5F000000000020 /* PawsitiveApp.swift */ = {isa = PBXFileReference; lastKnownFileType = sourcecode.swift; path = PawsitiveApp.swift; sourceTree = "<group>"; };
		408A8F0A2D5F000000000021 /* ContentView.swift */ = {isa = PBXFileReference; lastKnownFileType = sourcecode.swift; path = ContentView.swift; sourceTree = "<group>"; };
		408A8F0A2D5F000000000022 /* PawsitiveTheme.swift */ = {isa = PBXFileReference; lastKnownFileType = sourcecode.swift; path = PawsitiveTheme.swift; sourceTree = "<group>"; };
		408A8F0A2D5F000000000023 /* Animal.swift */ = {isa = PBXFileReference; lastKnownFileType = sourcecode.swift; path = Animal.swift; sourceTree = "<group>"; };
		408A8F0A2D5F000000000024 /* VolunteerEvent.swift */ = {isa = PBXFileReference; lastKnownFileType = sourcecode.swift; path = VolunteerEvent.swift; sourceTree = "<group>"; };
		408A8F0A2D5F000000000025 /* HomeView.swift */ = {isa = PBXFileReference; lastKnownFileType = sourcecode.swift; path = HomeView.swift; sourceTree = "<group>"; };
		408A8F0A2D5F000000000026 /* AdoptView.swift */ = {isa = PBXFileReference; lastKnownFileType = sourcecode.swift; path = AdoptView.swift; sourceTree = "<group>"; };
		408A8F0A2D5F000000000027 /* FosterView.swift */ = {isa = PBXFileReference; lastKnownFileType = sourcecode.swift; path = FosterView.swift; sourceTree = "<group>"; };
		408A8F0A2D5F000000000028 /* VolunteerView.swift */ = {isa = PBXFileReference; lastKnownFileType = sourcecode.swift; path = VolunteerView.swift; sourceTree = "<group>"; };
		408A8F0A2D5F000000000029 /* DonateView.swift */ = {isa = PBXFileReference; lastKnownFileType = sourcecode.swift; path = DonateView.swift; sourceTree = "<group>"; };
		408A8F0A2D5F00000000002A /* AnimalDetailView.swift */ = {isa = PBXFileReference; lastKnownFileType = sourcecode.swift; path = AnimalDetailView.swift; sourceTree = "<group>"; };
		408A8F0A2D5F00000000002B /* AnimalCard.swift */ = {isa = PBXFileReference; lastKnownFileType = sourcecode.swift; path = AnimalCard.swift; sourceTree = "<group>"; };
		408A8F0A2D5F00000000002C /* SectionHeader.swift */ = {isa = PBXFileReference; lastKnownFileType = sourcecode.swift; path = SectionHeader.swift; sourceTree = "<group>"; };
		408A8F0A2D5F00000000002D /* Assets.xcassets */ = {isa = PBXFileReference; lastKnownFileType = folder.assetcatalog; path = Assets.xcassets; sourceTree = "<group>"; };
/* End PBXFileReference section */

/* Begin PBXFrameworksBuildPhase section */
		408A8F0A2D5F00000000000F /* Frameworks */ = {
			isa = PBXFrameworksBuildPhase;
			buildActionMask = 2147483647;
			files = (
			);
			runOnlyForDeploymentPostprocessing = 0;
		};
/* End PBXFrameworksBuildPhase section */

/* Begin PBXGroup section */
		408A8F0A2D5F000000000002 /* Pawsitive */ = {
			isa = PBXGroup;
			children = (
				408A8F0A2D5F000000000004 /* Pawsitive */,
				408A8F0A2D5F000000000003 /* Products */,
			);
			sourceTree = "<group>";
		};
		408A8F0A2D5F000000000003 /* Products */ = {
			isa = PBXGroup;
			children = (
				408A8F0A2D5F000000000006 /* Pawsitive.app */,
			);
			name = Products;
			sourceTree = "<group>";
		};
		408A8F0A2D5F000000000004 /* Pawsitive */ = {
			isa = PBXGroup;
			children = (
				408A8F0A2D5F000000000020 /* PawsitiveApp.swift */,
				408A8F0A2D5F000000000021 /* ContentView.swift */,
				408A8F0A2D5F000000000022 /* PawsitiveTheme.swift */,
				408A8F0A2D5F000000000023 /* Animal.swift */,
				408A8F0A2D5F000000000024 /* VolunteerEvent.swift */,
				408A8F0A2D5F000000000025 /* HomeView.swift */,
				408A8F0A2D5F000000000026 /* AdoptView.swift */,
				408A8F0A2D5F000000000027 /* FosterView.swift */,
				408A8F0A2D5F000000000028 /* VolunteerView.swift */,
				408A8F0A2D5F000000000029 /* DonateView.swift */,
				408A8F0A2D5F00000000002A /* AnimalDetailView.swift */,
				408A8F0A2D5F00000000002B /* AnimalCard.swift */,
				408A8F0A2D5F00000000002C /* SectionHeader.swift */,
				408A8F0A2D5F00000000002D /* Assets.xcassets */,
			);
			path = Pawsitive;
			sourceTree = "<group>";
		};
/* End PBXGroup section */

/* Begin PBXNativeTarget section */
		408A8F0A2D5F000000000005 /* Pawsitive */ = {
			isa = PBXNativeTarget;
			buildConfigurationList = 408A8F0A2D5F000000000008 /* Build configuration list for PBXNativeTarget "Pawsitive" */;
			buildPhases = (
				408A8F0A2D5F00000000000D /* Sources */,
				408A8F0A2D5F00000000000F /* Frameworks */,
				408A8F0A2D5F00000000000E /* Resources */,
			);
			buildRules = (
			);
			dependencies = (
			);
			name = Pawsitive;
			productName = Pawsitive;
			productReference = 408A8F0A2D5F000000000006 /* Pawsitive.app */;
			productType = "com.apple.product-type.application";
		};
/* End PBXNativeTarget section */

/* Begin PBXProject section */
		408A8F0A2D5F000000000001 /* Project object */ = {
			isa = PBXProject;
			attributes = {
				BuildIndependentTargetsInParallel = 1;
				LastSwiftUpdateCheck = 1540;
				LastUpgradeCheck = 1540;
				TargetAttributes = {
					408A8F0A2D5F000000000005 = {
						CreatedOnToolsVersion = 15.4;
					};
				};
			};
			buildConfigurationList = 408A8F0A2D5F000000000007 /* Build configuration list for PBXProject "Pawsitive" */;
			compatibilityVersion = "Xcode 14.0";
			developmentRegion = en;
			hasScannedForEncodings = 0;
			knownRegions = (
				en,
				Base,
			);
			mainGroup = 408A8F0A2D5F000000000002 /* Pawsitive */;
			productRefGroup = 408A8F0A2D5F000000000003 /* Products */;
			projectDirPath = "";
			projectRoot = "";
			targets = (
				408A8F0A2D5F000000000005 /* Pawsitive */,
			);
		};
/* End PBXProject section */

/* Begin PBXResourcesBuildPhase section */
		408A8F0A2D5F00000000000E /* Resources */ = {
			isa = PBXResourcesBuildPhase;
			buildActionMask = 2147483647;
			files = (
				408A8F0A2D5F00000000003D /* Assets.xcassets in Resources */,
			);
			runOnlyForDeploymentPostprocessing = 0;
		};
/* End PBXResourcesBuildPhase section */

/* Begin PBXSourcesBuildPhase section */
		408A8F0A2D5F00000000000D /* Sources */ = {
			isa = PBXSourcesBuildPhase;
			buildActionMask = 2147483647;
			files = (
				408A8F0A2D5F000000000030 /* PawsitiveApp.swift in Sources */,
				408A8F0A2D5F000000000031 /* ContentView.swift in Sources */,
				408A8F0A2D5F000000000032 /* PawsitiveTheme.swift in Sources */,
				408A8F0A2D5F000000000033 /* Animal.swift in Sources */,
				408A8F0A2D5F000000000034 /* VolunteerEvent.swift in Sources */,
				408A8F0A2D5F000000000035 /* HomeView.swift in Sources */,
				408A8F0A2D5F000000000036 /* AdoptView.swift in Sources */,
				408A8F0A2D5F000000000037 /* FosterView.swift in Sources */,
				408A8F0A2D5F000000000038 /* VolunteerView.swift in Sources */,
				408A8F0A2D5F000000000039 /* DonateView.swift in Sources */,
				408A8F0A2D5F00000000003A /* AnimalDetailView.swift in Sources */,
				408A8F0A2D5F00000000003B /* AnimalCard.swift in Sources */,
				408A8F0A2D5F00000000003C /* SectionHeader.swift in Sources */,
			);
			runOnlyForDeploymentPostprocessing = 0;
		};
/* End PBXSourcesBuildPhase section */

/* Begin XCBuildConfiguration section */
		408A8F0A2D5F000000000009 /* Debug */ = {
			isa = XCBuildConfiguration;
			buildSettings = {
				ALWAYS_SEARCH_USER_PATHS = NO;
				ASSETCATALOG_COMPILER_GENERATE_SWIFT_ASSET_SYMBOL_EXTENSIONS = YES;
				CLANG_ANALYZER_NONNULL = YES;
				CLANG_ANALYZER_NUMBER_OBJECT_CONVERSION = YES_AGGRESSIVE;
				CLANG_CXX_LANGUAGE_STANDARD = "gnu++20";
				CLANG_ENABLE_MODULES = YES;
				CLANG_ENABLE_OBJC_ARC = YES;
				CLANG_ENABLE_OBJC_WEAK = YES;
				CLANG_WARN_BLOCK_CAPTURE_AUTORELEASING = YES;
				CLANG_WARN_BOOL_CONVERSION = YES;
				CLANG_WARN_COMMA = YES;
				CLANG_WARN_CONSTANT_CONVERSION = YES;
				CLANG_WARN_DEPRECATED_OBJC_IMPLEMENTATIONS = YES;
				CLANG_WARN_DIRECT_OBJC_ISA_USAGE = YES_ERROR;
				CLANG_WARN_DOCUMENTATION_COMMENTS = YES;
				CLANG_WARN_EMPTY_BODY = YES;
				CLANG_WARN_ENUM_CONVERSION = YES;
				CLANG_WARN_INFINITE_RECURSION = YES;
				CLANG_WARN_INT_CONVERSION = YES;
				CLANG_WARN_NON_LITERAL_NULL_CONVERSION = YES;
				CLANG_WARN_OBJC_IMPLICIT_RETAIN_SELF = YES;
				CLANG_WARN_OBJC_LITERAL_CONVERSION = YES;
				CLANG_WARN_OBJC_ROOT_CLASS = YES_ERROR;
				CLANG_WARN_QUOTED_INCLUDE_IN_FRAMEWORK_HEADER = YES;
				CLANG_WARN_RANGE_LOOP_ANALYSIS = YES;
				CLANG_WARN_STRICT_PROTOTYPES = YES;
				CLANG_WARN_SUSPICIOUS_MOVE = YES;
				CLANG_WARN_UNGUARDED_AVAILABILITY = YES_AGGRESSIVE;
				CLANG_WARN_UNREACHABLE_CODE = YES;
				CLANG_WARN__DUPLICATE_METHOD_MATCH = YES;
				COPY_PHASE_STRIP = NO;
				DEBUG_INFORMATION_FORMAT = dwarf;
				ENABLE_STRICT_OBJC_MSGSEND = YES;
				ENABLE_TESTABILITY = YES;
				ENABLE_USER_SCRIPT_SANDBOXING = YES;
				GCC_C_LANGUAGE_STANDARD = gnu17;
				GCC_DYNAMIC_NO_PIC = NO;
				GCC_NO_COMMON_BLOCKS = YES;
				GCC_OPTIMIZATION_LEVEL = 0;
				GCC_PREPROCESSOR_DEFINITIONS = (
					"DEBUG=1",
					"$(inherited)",
				);
				GCC_WARN_64_TO_32_BIT_CONVERSION = YES;
				GCC_WARN_ABOUT_RETURN_TYPE = YES_ERROR;
				GCC_WARN_UNDECLARED_SELECTOR = YES;
				GCC_WARN_UNINITIALIZED_AUTOS = YES_AGGRESSIVE;
				GCC_WARN_UNUSED_FUNCTION = YES;
				GCC_WARN_UNUSED_VARIABLE = YES;
				IPHONEOS_DEPLOYMENT_TARGET = 17.0;
				LOCALIZATION_PREFERS_STRING_CATALOGS = YES;
				MTL_ENABLE_DEBUG_INFO = INCLUDE_SOURCE;
				MTL_FAST_MATH = YES;
				ONLY_ACTIVE_ARCH = YES;
				SDKROOT = iphoneos;
				SWIFT_ACTIVE_COMPILATION_CONDITIONS = "DEBUG $(inherited)";
				SWIFT_OPTIMIZATION_LEVEL = "-Onone";
			};
			name = Debug;
		};
		408A8F0A2D5F00000000000A /* Release */ = {
			isa = XCBuildConfiguration;
			buildSettings = {
				ALWAYS_SEARCH_USER_PATHS = NO;
				ASSETCATALOG_COMPILER_GENERATE_SWIFT_ASSET_SYMBOL_EXTENSIONS = YES;
				CLANG_ANALYZER_NONNULL = YES;
				CLANG_ANALYZER_NUMBER_OBJECT_CONVERSION = YES_AGGRESSIVE;
				CLANG_CXX_LANGUAGE_STANDARD = "gnu++20";
				CLANG_ENABLE_MODULES = YES;
				CLANG_ENABLE_OBJC_ARC = YES;
				CLANG_ENABLE_OBJC_WEAK = YES;
				CLANG_WARN_BLOCK_CAPTURE_AUTORELEASING = YES;
				CLANG_WARN_BOOL_CONVERSION = YES;
				CLANG_WARN_COMMA = YES;
				CLANG_WARN_CONSTANT_CONVERSION = YES;
				CLANG_WARN_DEPRECATED_OBJC_IMPLEMENTATIONS = YES;
				CLANG_WARN_DIRECT_OBJC_ISA_USAGE = YES_ERROR;
				CLANG_WARN_DOCUMENTATION_COMMENTS = YES;
				CLANG_WARN_EMPTY_BODY = YES;
				CLANG_WARN_ENUM_CONVERSION = YES;
				CLANG_WARN_INFINITE_RECURSION = YES;
				CLANG_WARN_INT_CONVERSION = YES;
				CLANG_WARN_NON_LITERAL_NULL_CONVERSION = YES;
				CLANG_WARN_OBJC_IMPLICIT_RETAIN_SELF = YES;
				CLANG_WARN_OBJC_LITERAL_CONVERSION = YES;
				CLANG_WARN_OBJC_ROOT_CLASS = YES_ERROR;
				CLANG_WARN_QUOTED_INCLUDE_IN_FRAMEWORK_HEADER = YES;
				CLANG_WARN_RANGE_LOOP_ANALYSIS = YES;
				CLANG_WARN_STRICT_PROTOTYPES = YES;
				CLANG_WARN_SUSPICIOUS_MOVE = YES;
				CLANG_WARN_UNGUARDED_AVAILABILITY = YES_AGGRESSIVE;
				CLANG_WARN_UNREACHABLE_CODE = YES;
				CLANG_WARN__DUPLICATE_METHOD_MATCH = YES;
				COPY_PHASE_STRIP = NO;
				DEBUG_INFORMATION_FORMAT = "dwarf-with-dsym";
				ENABLE_NS_ASSERTIONS = NO;
				ENABLE_STRICT_OBJC_MSGSEND = YES;
				ENABLE_USER_SCRIPT_SANDBOXING = YES;
				GCC_C_LANGUAGE_STANDARD = gnu17;
				GCC_NO_COMMON_BLOCKS = YES;
				GCC_WARN_64_TO_32_BIT_CONVERSION = YES;
				GCC_WARN_ABOUT_RETURN_TYPE = YES_ERROR;
				GCC_WARN_UNDECLARED_SELECTOR = YES;
				GCC_WARN_UNINITIALIZED_AUTOS = YES_AGGRESSIVE;
				GCC_WARN_UNUSED_FUNCTION = YES;
				GCC_WARN_UNUSED_VARIABLE = YES;
				IPHONEOS_DEPLOYMENT_TARGET = 17.0;
				LOCALIZATION_PREFERS_STRING_CATALOGS = YES;
				MTL_ENABLE_DEBUG_INFO = NO;
				MTL_FAST_MATH = YES;
				SDKROOT = iphoneos;
				SWIFT_COMPILATION_MODE = wholemodule;
				VALIDATE_PRODUCT = YES;
			};
			name = Release;
		};
		408A8F0A2D5F00000000000B /* Debug */ = {
			isa = XCBuildConfiguration;
			buildSettings = {
				ASSETCATALOG_COMPILER_APPICON_NAME = AppIcon;
				ASSETCATALOG_COMPILER_GLOBAL_ACCENT_COLOR_NAME = AccentColor;
				CODE_SIGN_STYLE = Automatic;
				CURRENT_PROJECT_VERSION = 1;
				DEVELOPMENT_ASSET_PATHS = "";
				ENABLE_PREVIEWS = YES;
				GENERATE_INFOPLIST_FILE = YES;
				INFOPLIST_KEY_CFBundleDisplayName = Pawsitive;
				INFOPLIST_KEY_UIApplicationSceneManifest_Generation = YES;
				INFOPLIST_KEY_UIApplicationSupportsIndirectInputEvents = YES;
				INFOPLIST_KEY_UILaunchScreen_Generation = YES;
				INFOPLIST_KEY_UISupportedInterfaceOrientations_iPad = "UIInterfaceOrientationPortrait UIInterfaceOrientationPortraitUpsideDown UIInterfaceOrientationLandscapeLeft UIInterfaceOrientationLandscapeRight";
				INFOPLIST_KEY_UISupportedInterfaceOrientations_iPhone = "UIInterfaceOrientationPortrait UIInterfaceOrientationLandscapeLeft UIInterfaceOrientationLandscapeRight";
				LD_RUNPATH_SEARCH_PATHS = (
					"$(inherited)",
					"@executable_path/Frameworks",
				);
				MARKETING_VERSION = 1.0;
				PRODUCT_BUNDLE_IDENTIFIER = com.pawsitiveproject.app;
				PRODUCT_NAME = "$(TARGET_NAME)";
				SUPPORTED_PLATFORMS = "iphoneos iphonesimulator";
				SUPPORTS_MACCATALYST = NO;
				SWIFT_EMIT_LOC_STRINGS = YES;
				SWIFT_VERSION = 5.0;
				TARGETED_DEVICE_FAMILY = "1,2";
			};
			name = Debug;
		};
		408A8F0A2D5F00000000000C /* Release */ = {
			isa = XCBuildConfiguration;
			buildSettings = {
				ASSETCATALOG_COMPILER_APPICON_NAME = AppIcon;
				ASSETCATALOG_COMPILER_GLOBAL_ACCENT_COLOR_NAME = AccentColor;
				CODE_SIGN_STYLE = Automatic;
				CURRENT_PROJECT_VERSION = 1;
				DEVELOPMENT_ASSET_PATHS = "";
				ENABLE_PREVIEWS = YES;
				GENERATE_INFOPLIST_FILE = YES;
				INFOPLIST_KEY_CFBundleDisplayName = Pawsitive;
				INFOPLIST_KEY_UIApplicationSceneManifest_Generation = YES;
				INFOPLIST_KEY_UIApplicationSupportsIndirectInputEvents = YES;
				INFOPLIST_KEY_UILaunchScreen_Generation = YES;
				INFOPLIST_KEY_UISupportedInterfaceOrientations_iPad = "UIInterfaceOrientationPortrait UIInterfaceOrientationPortraitUpsideDown UIInterfaceOrientationLandscapeLeft UIInterfaceOrientationLandscapeRight";
				INFOPLIST_KEY_UISupportedInterfaceOrientations_iPhone = "UIInterfaceOrientationPortrait UIInterfaceOrientationLandscapeLeft UIInterfaceOrientationLandscapeRight";
				LD_RUNPATH_SEARCH_PATHS = (
					"$(inherited)",
					"@executable_path/Frameworks",
				);
				MARKETING_VERSION = 1.0;
				PRODUCT_BUNDLE_IDENTIFIER = com.pawsitiveproject.app;
				PRODUCT_NAME = "$(TARGET_NAME)";
				SUPPORTED_PLATFORMS = "iphoneos iphonesimulator";
				SUPPORTS_MACCATALYST = NO;
				SWIFT_EMIT_LOC_STRINGS = YES;
				SWIFT_VERSION = 5.0;
				TARGETED_DEVICE_FAMILY = "1,2";
			};
			name = Release;
		};
/* End XCBuildConfiguration section */

/* Begin XCConfigurationList section */
		408A8F0A2D5F000000000007 /* Build configuration list for PBXProject "Pawsitive" */ = {
			isa = XCConfigurationList;
			buildConfigurations = (
				408A8F0A2D5F000000000009 /* Debug */,
				408A8F0A2D5F00000000000A /* Release */,
			);
			defaultConfigurationIsVisible = 0;
			defaultConfigurationName = Release;
		};
		408A8F0A2D5F000000000008 /* Build configuration list for PBXNativeTarget "Pawsitive" */ = {
			isa = XCConfigurationList;
			buildConfigurations = (
				408A8F0A2D5F00000000000B /* Debug */,
				408A8F0A2D5F00000000000C /* Release */,
			);
			defaultConfigurationIsVisible = 0;
			defaultConfigurationName = Release;
		};
/* End XCConfigurationList section */
	};
	rootObject = 408A8F0A2D5F000000000001 /* Project object */;
}
